
Microsoft Visual Studio Solution File, Format Version 12.00
# Visual Studio Version 17
VisualStudioVersion = 17.5.002.0
MinimumVisualStudioVersion = 10.0.40219.1
Project("{9A19103F-16F7-4668-BE54-9A1E7A4F7556}") = "CyberBoom", "CyberBoom.csproj", "{A8F9D7D8-DDA5-479B-8735-00E706A5827F}"
EndProject
Global
	GlobalSection(SolutionConfigurationPlatforms) = preSolution
		Debug|Any CPU = Debug|Any CPU
		Release|Any CPU = Release|Any CPU
	EndGlobalSection
	GlobalSection(ProjectConfigurationPlatforms) = postSolution
		{A8F9D7D8-DDA5-479B-8735-00E706A5827F}.Debug|Any CPU.ActiveCfg = Debug|Any CPU
		{A8F9D7D8-DDA5-479B-8735-00E706A5827F}.Debug|Any CPU.Build.0 = Debug|Any CPU
		{A8F9D7D8-DDA5-479B-8735-00E706A5827F}.Release|Any CPU.ActiveCfg = Release|Any CPU
		{A8F9D7D8-DDA5-479B-8735-00E706A5827F}.Release|Any CPU.Build.0 = Release|Any CPU
	EndGlobalSection
	GlobalSection(SolutionProperties) = preSolution
		HideSolutionNode = FALSE
	EndGlobalSection
	GlobalSection(ExtensibilityGlobals) = postSolution
		SolutionGuid = {674E1E42-AF3F-4DDA-A4F1-EDD84025DB24}
	EndGlobalSection
EndGlobal
